PODS:
  - GEOTRANS (3.7)
  - GEOTRANSUtil (0.1.0):
    - GEOTRANS (~> 3.7)
  - MGRSMapKit (0.1.0):
    - GEOTRANSUtil (~> 0.1.0)
  - Nimble (7.3.1)
  - Quick (1.2.0)

DEPENDENCIES:
  - GEOTRANS (from `../../GEOTRANS`)
  - GEOTRANSUtil (from `../../GEOTRANSUtil`)
  - MGRSMapKit (from `../`)
  - Nimble (~> 7.3.1)
  - Quick (~> 1.2.0)

SPEC REPOS:
  https://github.com/cocoapods/specs.git:
    - Nimble
    - Quick

EXTERNAL SOURCES:
  GEOTRANS:
    :path: "../../GEOTRANS"
  GEOTRANSUtil:
    :path: "../../GEOTRANSUtil"
  MGRSMapKit:
    :path: "../"

SPEC CHECKSUMS:
  GEOTRANS: 4383328377987f663ec11c4c81ee8aba63956999
  GEOTRANSUtil: 7d730ad960f9729878e7220f9589e8f7b3469d37
  MGRSMapKit: 4636804abff6d150ed3325d2650c640efcff0d1f
  Nimble: 04f732da099ea4d153122aec8c2a88fd0c7219ae
  Quick: 58d203b1c5e27fff7229c4c1ae445ad7069a7a08

PODFILE CHECKSUM: 6f7f37ba13c66a1b995d6bf7e80e931a0bc09ff7

COCOAPODS: 1.5.3
